
Microsoft Visual Studio Solution File, Format Version 12.00
# Visual Studio 15
VisualStudioVersion = 15.0.27703.2035
MinimumVisualStudioVersion = 10.0.40219.1
Project("{FAE04EC0-301F-11D3-BF4B-00C04F79EFBC}") = "Net_DesignPatterns", "Net_DesignPatterns\Net_DesignPatterns.csproj", "{844FEB23-11CF-44AB-975A-F9ADE01F9E4C}"
EndProject
Global
	GlobalSection(SolutionConfigurationPlatforms) = preSolution
		Debug|Any CPU = Debug|Any CPU
		Release|Any CPU = Release|Any CPU
	EndGlobalSection
	GlobalSection(ProjectConfigurationPlatforms) = postSolution
		{844FEB23-11CF-44AB-975A-F9ADE01F9E4C}.Debug|Any CPU.ActiveCfg = Debug|Any CPU
		{844FEB23-11CF-44AB-975A-F9ADE01F9E4C}.Debug|Any CPU.Build.0 = Debug|Any CPU
		{844FEB23-11CF-44AB-975A-F9ADE01F9E4C}.Release|Any CPU.ActiveCfg = Release|Any CPU
		{844FEB23-11CF-44AB-975A-F9ADE01F9E4C}.Release|Any CPU.Build.0 = Release|Any CPU
	EndGlobalSection
	GlobalSection(SolutionProperties) = preSolution
		HideSolutionNode = FALSE
	EndGlobalSection
	GlobalSection(ExtensibilityGlobals) = postSolution
		SolutionGuid = {C94BB703-2F5F-4559-B369-8FA986622E9E}
	EndGlobalSection
EndGlobal
